// !$*UTF8*$!
{
	archiveVersion = 1;
	classes = {
	};
	objectVersion = 56;
	objects = {

/* Begin PBXBuildFile section */
		CE1CDA842A79BDB300DFB21C /* Detail.storyboard in Resources */ = {isa = PBXBuildFile; fileRef = CE1CDA832A79BDB300DFB21C /* Detail.storyboard */; };
		CE1CDA862A79BEE100DFB21C /* DetailViewController.swift in Sources */ = {isa = PBXBuildFile; fileRef = CE1CDA852A79BEE100DFB21C /* DetailViewController.swift */; };
		CE94EB282A5E0D4B00B8A58E /* Football.swift in Sources */ = {isa = PBXBuildFile; fileRef = CE94EB272A5E0D4B00B8A58E /* Football.swift */; };
		CE94EB2A2A5E0EAC00B8A58E /* LeagueCell.swift in Sources */ = {isa = PBXBuildFile; fileRef = CE94EB292A5E0EAC00B8A58E /* LeagueCell.swift */; };
		CEF327972A54D22E00D4269E /* AppDelegate.swift in Sources */ = {isa = PBXBuildFile; fileRef = CEF327962A54D22E00D4269E /* AppDelegate.swift */; };
		CEF327992A54D22E00D4269E /* SceneDelegate.swift in Sources */ = {isa = PBXBuildFile; fileRef = CEF327982A54D22E00D4269E /* SceneDelegate.swift */; };
		CEF3279B2A54D22E00D4269E /* LeaguesViewController.swift in Sources */ = {isa = PBXBuildFile; fileRef = CEF3279A2A54D22E00D4269E /* LeaguesViewController.swift */; };
		CEF327A02A54D22F00D4269E /* Assets.xcassets in Resources */ = {isa = PBXBuildFile; fileRef = CEF3279F2A54D22F00D4269E /* Assets.xcassets */; };
		CEF327A32A54D22F00D4269E /* LaunchScreen.storyboard in Resources */ = {isa = PBXBuildFile; fileRef = CEF327A12A54D22F00D4269E /* LaunchScreen.storyboard */; };
		DFD5E0842A79CBDC0068ADFA /* FootballRemoteMovies.swift in Sources */ = {isa = PBXBuildFile; fileRef = DFD5E0832A79CBDC0068ADFA /* FootballRemoteMovies.swift */; };
		DFD5E0872A79CFA00068ADFA /* UIImageView+Download.swift in Sources */ = {isa = PBXBuildFile; fileRef = DFD5E0862A79CFA00068ADFA /* UIImageView+Download.swift */; };
/* End PBXBuildFile section */

/* Begin PBXFileReference section */
		CE1CDA832A79BDB300DFB21C /* Detail.storyboard */ = {isa = PBXFileReference; lastKnownFileType = file.storyboard; path = Detail.storyboard; sourceTree = "<group>"; };
		CE1CDA852A79BEE100DFB21C /* DetailViewController.swift */ = {isa = PBXFileReference; lastKnownFileType = sourcecode.swift; path = DetailViewController.swift; sourceTree = "<group>"; };
		CE94EB272A5E0D4B00B8A58E /* Football.swift */ = {isa = PBXFileReference; lastKnownFileType = sourcecode.swift; path = Football.swift; sourceTree = "<group>"; };
		CE94EB292A5E0EAC00B8A58E /* LeagueCell.swift */ = {isa = PBXFileReference; lastKnownFileType = sourcecode.swift; path = LeagueCell.swift; sourceTree = "<group>"; };
		CEF327932A54D22E00D4269E /* MeuPrimeiroAppiOS.app */ = {isa = PBXFileReference; explicitFileType = wrapper.application; includeInIndex = 0; path = MeuPrimeiroAppiOS.app; sourceTree = BUILT_PRODUCTS_DIR; };
		CEF327962A54D22E00D4269E /* AppDelegate.swift */ = {isa = PBXFileReference; lastKnownFileType = sourcecode.swift; path = AppDelegate.swift; sourceTree = "<group>"; };
		CEF327982A54D22E00D4269E /* SceneDelegate.swift */ = {isa = PBXFileReference; lastKnownFileType = sourcecode.swift; path = SceneDelegate.swift; sourceTree = "<group>"; };
		CEF3279A2A54D22E00D4269E /* LeaguesViewController.swift */ = {isa = PBXFileReference; lastKnownFileType = sourcecode.swift; path = LeaguesViewController.swift; sourceTree = "<group>"; };
		CEF3279F2A54D22F00D4269E /* Assets.xcassets */ = {isa = PBXFileReference; lastKnownFileType = folder.assetcatalog; path = Assets.xcassets; sourceTree = "<group>"; };
		CEF327A22A54D22F00D4269E /* Base */ = {isa = PBXFileReference; lastKnownFileType = file.storyboard; name = Base; path = Base.lproj/LaunchScreen.storyboard; sourceTree = "<group>"; };
		CEF327A42A54D22F00D4269E /* Info.plist */ = {isa = PBXFileReference; lastKnownFileType = text.plist.xml; path = Info.plist; sourceTree = "<group>"; };
		DFD5E0832A79CBDC0068ADFA /* FootballRemoteMovies.swift */ = {isa = PBXFileReference; lastKnownFileType = sourcecode.swift; path = FootballRemoteMovies.swift; sourceTree = "<group>"; };
		DFD5E0862A79CFA00068ADFA /* UIImageView+Download.swift */ = {isa = PBXFileReference; lastKnownFileType = sourcecode.swift; path = "UIImageView+Download.swift"; sourceTree = "<group>"; };
/* End PBXFileReference section */

/* Begin PBXFrameworksBuildPhase section */
		CEF327902A54D22E00D4269E /* Frameworks */ = {
			isa = PBXFrameworksBuildPhase;
			buildActionMask = 2147483647;
			files = (
			);
			runOnlyForDeploymentPostprocessing = 0;
		};
/* End PBXFrameworksBuildPhase section */

/* Begin PBXGroup section */
		CE1CDA802A79BD6C00DFB21C /* List */ = {
			isa = PBXGroup;
			children = (
				CEF3279A2A54D22E00D4269E /* LeaguesViewController.swift */,
				CE94EB292A5E0EAC00B8A58E /* LeagueCell.swift */,
			);
			path = List;
			sourceTree = "<group>";
		};
		CE1CDA812A79BD7F00DFB21C /* Model */ = {
			isa = PBXGroup;
			children = (
				CE94EB272A5E0D4B00B8A58E /* Football.swift */,
				DFD5E0832A79CBDC0068ADFA /* FootballRemoteMovies.swift */,
			);
			path = Model;
			sourceTree = "<group>";
		};
		CE1CDA822A79BD8700DFB21C /* Detail */ = {
			isa = PBXGroup;
			children = (
				CE1CDA832A79BDB300DFB21C /* Detail.storyboard */,
				CE1CDA852A79BEE100DFB21C /* DetailViewController.swift */,
			);
			path = Detail;
			sourceTree = "<group>";
		};
		CEF3278A2A54D22E00D4269E = {
			isa = PBXGroup;
			children = (
				CEF327952A54D22E00D4269E /* MeuPrimeiroAppiOS */,
				CEF327942A54D22E00D4269E /* Products */,
			);
			sourceTree = "<group>";
		};
		CEF327942A54D22E00D4269E /* Products */ = {
			isa = PBXGroup;
			children = (
				CEF327932A54D22E00D4269E /* MeuPrimeiroAppiOS.app */,
			);
			name = Products;
			sourceTree = "<group>";
		};
		CEF327952A54D22E00D4269E /* MeuPrimeiroAppiOS */ = {
			isa = PBXGroup;
			children = (
				DFD5E0852A79CF890068ADFA /* Extensions */,
				CE1CDA822A79BD8700DFB21C /* Detail */,
				CE1CDA812A79BD7F00DFB21C /* Model */,
				CE1CDA802A79BD6C00DFB21C /* List */,
				CEF327962A54D22E00D4269E /* AppDelegate.swift */,
				CEF327982A54D22E00D4269E /* SceneDelegate.swift */,
				CEF3279F2A54D22F00D4269E /* Assets.xcassets */,
				CEF327A12A54D22F00D4269E /* LaunchScreen.storyboard */,
				CEF327A42A54D22F00D4269E /* Info.plist */,
			);
			path = MeuPrimeiroAppiOS;
			sourceTree = "<group>";
		};
		DFD5E0852A79CF890068ADFA /* Extensions */ = {
			isa = PBXGroup;
			children = (
				DFD5E0862A79CFA00068ADFA /* UIImageView+Download.swift */,
			);
			path = Extensions;
			sourceTree = "<group>";
		};
/* End PBXGroup section */

/* Begin PBXNativeTarget section */
		CEF327922A54D22E00D4269E /* MeuPrimeiroAppiOS */ = {
			isa = PBXNativeTarget;
			buildConfigurationList = CEF327A72A54D22F00D4269E /* Build configuration list for PBXNativeTarget "MeuPrimeiroAppiOS" */;
			buildPhases = (
				CEF3278F2A54D22E00D4269E /* Sources */,
				CEF327902A54D22E00D4269E /* Frameworks */,
				CEF327912A54D22E00D4269E /* Resources */,
			);
			buildRules = (
			);
			dependencies = (
			);
			name = MeuPrimeiroAppiOS;
			productName = MeuPrimeiroAppiOS;
			productReference = CEF327932A54D22E00D4269E /* MeuPrimeiroAppiOS.app */;
			productType = "com.apple.product-type.application";
		};
/* End PBXNativeTarget section */

/* Begin PBXProject section */
		CEF3278B2A54D22E00D4269E /* Project object */ = {
			isa = PBXProject;
			attributes = {
				BuildIndependentTargetsInParallel = 1;
				LastSwiftUpdateCheck = 1430;
				LastUpgradeCheck = 1430;
				TargetAttributes = {
					CEF327922A54D22E00D4269E = {
						CreatedOnToolsVersion = 14.3.1;
					};
				};
			};
			buildConfigurationList = CEF3278E2A54D22E00D4269E /* Build configuration list for PBXProject "MeuPrimeiroAppiOS" */;
			compatibilityVersion = "Xcode 14.0";
			developmentRegion = en;
			hasScannedForEncodings = 0;
			knownRegions = (
				en,
				Base,
			);
			mainGroup = CEF3278A2A54D22E00D4269E;
			productRefGroup = CEF327942A54D22E00D4269E /* Products */;
			projectDirPath = "";
			projectRoot = "";
			targets = (
				CEF327922A54D22E00D4269E /* MeuPrimeiroAppiOS */,
			);
		};
/* End PBXProject section */

/* Begin PBXResourcesBuildPhase section */
		CEF327912A54D22E00D4269E /* Resources */ = {
			isa = PBXResourcesBuildPhase;
			buildActionMask = 2147483647;
			files = (
				CEF327A32A54D22F00D4269E /* LaunchScreen.storyboard in Resources */,
				CEF327A02A54D22F00D4269E /* Assets.xcassets in Resources */,
				CE1CDA842A79BDB300DFB21C /* Detail.storyboard in Resources */,
			);
			runOnlyForDeploymentPostprocessing = 0;
		};
/* End PBXResourcesBuildPhase section */

/* Begin PBXSourcesBuildPhase section */
		CEF3278F2A54D22E00D4269E /* Sources */ = {
			isa = PBXSourcesBuildPhase;
			buildActionMask = 2147483647;
			files = (
				CEF3279B2A54D22E00D4269E /* LeaguesViewController.swift in Sources */,
				CEF327972A54D22E00D4269E /* AppDelegate.swift in Sources */,
				CE94EB282A5E0D4B00B8A58E /* Football.swift in Sources */,
				CE1CDA862A79BEE100DFB21C /* DetailViewController.swift in Sources */,
				DFD5E0872A79CFA00068ADFA /* UIImageView+Download.swift in Sources */,
				CE94EB2A2A5E0EAC00B8A58E /* LeagueCell.swift in Sources */,
				CEF327992A54D22E00D4269E /* SceneDelegate.swift in Sources */,
				DFD5E0842A79CBDC0068ADFA /* FootballRemoteMovies.swift in Sources */,
			);
			runOnlyForDeploymentPostprocessing = 0;
		};
/* End PBXSourcesBuildPhase section */

/* Begin PBXVariantGroup section */
		CEF327A12A54D22F00D4269E /* LaunchScreen.storyboard */ = {
			isa = PBXVariantGroup;
			children = (
				CEF327A22A54D22F00D4269E /* Base */,
			);
			name = LaunchScreen.storyboard;
			sourceTree = "<group>";
		};
/* End PBXVariantGroup section */

/* Begin XCBuildConfiguration section */
		CEF327A52A54D22F00D4269E /* Debug */ = {
			isa = XCBuildConfiguration;
			buildSettings = {
				ALWAYS_SEARCH_USER_PATHS = NO;
				CLANG_ANALYZER_NONNULL = YES;
				CLANG_ANALYZER_NUMBER_OBJECT_CONVERSION = YES_AGGRESSIVE;
				CLANG_CXX_LANGUAGE_STANDARD = "gnu++20";
				CLANG_ENABLE_MODULES = YES;
				CLANG_ENABLE_OBJC_ARC = YES;
				CLANG_ENABLE_OBJC_WEAK = YES;
				CLANG_WARN_BLOCK_CAPTURE_AUTORELEASING = YES;
				CLANG_WARN_BOOL_CONVERSION = YES;
				CLANG_WARN_COMMA = YES;
				CLANG_WARN_CONSTANT_CONVERSION = YES;
				CLANG_WARN_DEPRECATED_OBJC_IMPLEMENTATIONS = YES;
				CLANG_WARN_DIRECT_OBJC_ISA_USAGE = YES_ERROR;
				CLANG_WARN_DOCUMENTATION_COMMENTS = YES;
				CLANG_WARN_EMPTY_BODY = YES;
				CLANG_WARN_ENUM_CONVERSION = YES;
				CLANG_WARN_INFINITE_RECURSION = YES;
				CLANG_WARN_INT_CONVERSION = YES;
				CLANG_WARN_NON_LITERAL_NULL_CONVERSION = YES;
				CLANG_WARN_OBJC_IMPLICIT_RETAIN_SELF = YES;
				CLANG_WARN_OBJC_LITERAL_CONVERSION = YES;
				CLANG_WARN_OBJC_ROOT_CLASS = YES_ERROR;
				CLANG_WARN_QUOTED_INCLUDE_IN_FRAMEWORK_HEADER = YES;
				CLANG_WARN_RANGE_LOOP_ANALYSIS = YES;
				CLANG_WARN_STRICT_PROTOTYPES = YES;
				CLANG_WARN_SUSPICIOUS_MOVE = YES;
				CLANG_WARN_UNGUARDED_AVAILABILITY = YES_AGGRESSIVE;
				CLANG_WARN_UNREACHABLE_CODE = YES;
				CLANG_WARN__DUPLICATE_METHOD_MATCH = YES;
				COPY_PHASE_STRIP = NO;
				DEBUG_INFORMATION_FORMAT = dwarf;
				ENABLE_STRICT_OBJC_MSGSEND = YES;
				ENABLE_TESTABILITY = YES;
				GCC_C_LANGUAGE_STANDARD = gnu11;
				GCC_DYNAMIC_NO_PIC = NO;
				GCC_NO_COMMON_BLOCKS = YES;
				GCC_OPTIMIZATION_LEVEL = 0;
				GCC_PREPROCESSOR_DEFINITIONS = (
					"DEBUG=1",
					"$(inherited)",
				);
				GCC_WARN_64_TO_32_BIT_CONVERSION = YES;
				GCC_WARN_ABOUT_RETURN_TYPE = YES_ERROR;
				GCC_WARN_UNDECLARED_SELECTOR = YES;
				GCC_WARN_UNINITIALIZED_AUTOS = YES_AGGRESSIVE;
				GCC_WARN_UNUSED_FUNCTION = YES;
				GCC_WARN_UNUSED_VARIABLE = YES;
				IPHONEOS_DEPLOYMENT_TARGET = 16.4;
				MTL_ENABLE_DEBUG_INFO = INCLUDE_SOURCE;
				MTL_FAST_MATH = YES;
				ONLY_ACTIVE_ARCH = YES;
				SDKROOT = iphoneos;
				SWIFT_ACTIVE_COMPILATION_CONDITIONS = DEBUG;
				SWIFT_OPTIMIZATION_LEVEL = "-Onone";
			};
			name = Debug;
		};
		CEF327A62A54D22F00D4269E /* Release */ = {
			isa = XCBuildConfiguration;
			buildSettings = {
				ALWAYS_SEARCH_USER_PATHS = NO;
				CLANG_ANALYZER_NONNULL = YES;
				CLANG_ANALYZER_NUMBER_OBJECT_CONVERSION = YES_AGGRESSIVE;
				CLANG_CXX_LANGUAGE_STANDARD = "gnu++20";
				CLANG_ENABLE_MODULES = YES;
				CLANG_ENABLE_OBJC_ARC = YES;
				CLANG_ENABLE_OBJC_WEAK = YES;
				CLANG_WARN_BLOCK_CAPTURE_AUTORELEASING = YES;
				CLANG_WARN_BOOL_CONVERSION = YES;
				CLANG_WARN_COMMA = YES;
				CLANG_WARN_CONSTANT_CONVERSION = YES;
				CLANG_WARN_DEPRECATED_OBJC_IMPLEMENTATIONS = YES;
				CLANG_WARN_DIRECT_OBJC_ISA_USAGE = YES_ERROR;
				CLANG_WARN_DOCUMENTATION_COMMENTS = YES;
				CLANG_WARN_EMPTY_BODY = YES;
				CLANG_WARN_ENUM_CONVERSION = YES;
				CLANG_WARN_INFINITE_RECURSION = YES;
				CLANG_WARN_INT_CONVERSION = YES;
				CLANG_WARN_NON_LITERAL_NULL_CONVERSION = YES;
				CLANG_WARN_OBJC_IMPLICIT_RETAIN_SELF = YES;
				CLANG_WARN_OBJC_LITERAL_CONVERSION = YES;
				CLANG_WARN_OBJC_ROOT_CLASS = YES_ERROR;
				CLANG_WARN_QUOTED_INCLUDE_IN_FRAMEWORK_HEADER = YES;
				CLANG_WARN_RANGE_LOOP_ANALYSIS = YES;
				CLANG_WARN_STRICT_PROTOTYPES = YES;
				CLANG_WARN_SUSPICIOUS_MOVE = YES;
				CLANG_WARN_UNGUARDED_AVAILABILITY = YES_AGGRESSIVE;
				CLANG_WARN_UNREACHABLE_CODE = YES;
				CLANG_WARN__DUPLICATE_METHOD_MATCH = YES;
				COPY_PHASE_STRIP = NO;
				DEBUG_INFORMATION_FORMAT = "dwarf-with-dsym";
				ENABLE_NS_ASSERTIONS = NO;
				ENABLE_STRICT_OBJC_MSGSEND = YES;
				GCC_C_LANGUAGE_STANDARD = gnu11;
				GCC_NO_COMMON_BLOCKS = YES;
				GCC_WARN_64_TO_32_BIT_CONVERSION = YES;
				GCC_WARN_ABOUT_RETURN_TYPE = YES_ERROR;
				GCC_WARN_UNDECLARED_SELECTOR = YES;
				GCC_WARN_UNINITIALIZED_AUTOS = YES_AGGRESSIVE;
				GCC_WARN_UNUSED_FUNCTION = YES;
				GCC_WARN_UNUSED_VARIABLE = YES;
				IPHONEOS_DEPLOYMENT_TARGET = 16.4;
				MTL_ENABLE_DEBUG_INFO = NO;
				MTL_FAST_MATH = YES;
				SDKROOT = iphoneos;
				SWIFT_COMPILATION_MODE = wholemodule;
				SWIFT_OPTIMIZATION_LEVEL = "-O";
				VALIDATE_PRODUCT = YES;
			};
			name = Release;
		};
		CEF327A82A54D22F00D4269E /* Debug */ = {
			isa = XCBuildConfiguration;
			buildSettings = {
				ASSETCATALOG_COMPILER_APPICON_NAME = AppIcon;
				ASSETCATALOG_COMPILER_GLOBAL_ACCENT_COLOR_NAME = AccentColor;
				CODE_SIGN_STYLE = Automatic;
				CURRENT_PROJECT_VERSION = 1;
				DEVELOPMENT_TEAM = VJCR2LL3QM;
				GENERATE_INFOPLIST_FILE = YES;
				INFOPLIST_FILE = MeuPrimeiroAppiOS/Info.plist;
				INFOPLIST_KEY_CFBundleDisplayName = nMovies;
				INFOPLIST_KEY_UIApplicationSupportsIndirectInputEvents = YES;
				INFOPLIST_KEY_UILaunchStoryboardName = LaunchScreen;
				INFOPLIST_KEY_UISupportedInterfaceOrientations_iPad = "UIInterfaceOrientationPortrait UIInterfaceOrientationPortraitUpsideDown UIInterfaceOrientationLandscapeLeft UIInterfaceOrientationLandscapeRight";
				INFOPLIST_KEY_UISupportedInterfaceOrientations_iPhone = "UIInterfaceOrientationPortrait UIInterfaceOrientationLandscapeLeft UIInterfaceOrientationLandscapeRight";
				LD_RUNPATH_SEARCH_PATHS = (
					"$(inherited)",
					"@executable_path/Frameworks",
				);
				MARKETING_VERSION = 1.0;
				PRODUCT_BUNDLE_IDENTIFIER = nnt.com.MeuPrimeiroAppiOS;
				PRODUCT_NAME = "$(TARGET_NAME)";
				SWIFT_EMIT_LOC_STRINGS = YES;
				SWIFT_VERSION = 5.0;
				TARGETED_DEVICE_FAMILY = "1,2";
			};
			name = Debug;
		};
		CEF327A92A54D22F00D4269E /* Release */ = {
			isa = XCBuildConfiguration;
			buildSettings = {
				ASSETCATALOG_COMPILER_APPICON_NAME = AppIcon;
				ASSETCATALOG_COMPILER_GLOBAL_ACCENT_COLOR_NAME = AccentColor;
				CODE_SIGN_STYLE = Automatic;
				CURRENT_PROJECT_VERSION = 1;
				DEVELOPMENT_TEAM = VJCR2LL3QM;
				GENERATE_INFOPLIST_FILE = YES;
				INFOPLIST_FILE = MeuPrimeiroAppiOS/Info.plist;
				INFOPLIST_KEY_CFBundleDisplayName = nMovies;
				INFOPLIST_KEY_UIApplicationSupportsIndirectInputEvents = YES;
				INFOPLIST_KEY_UILaunchStoryboardName = LaunchScreen;
				INFOPLIST_KEY_UISupportedInterfaceOrientations_iPad = "UIInterfaceOrientationPortrait UIInterfaceOrientationPortraitUpsideDown UIInterfaceOrientationLandscapeLeft UIInterfaceOrientationLandscapeRight";
				INFOPLIST_KEY_UISupportedInterfaceOrientations_iPhone = "UIInterfaceOrientationPortrait UIInterfaceOrientationLandscapeLeft UIInterfaceOrientationLandscapeRight";
				LD_RUNPATH_SEARCH_PATHS = (
					"$(inherited)",
					"@executable_path/Frameworks",
				);
				MARKETING_VERSION = 1.0;
				PRODUCT_BUNDLE_IDENTIFIER = nnt.com.MeuPrimeiroAppiOS;
				PRODUCT_NAME = "$(TARGET_NAME)";
				SWIFT_EMIT_LOC_STRINGS = YES;
				SWIFT_VERSION = 5.0;
				TARGETED_DEVICE_FAMILY = "1,2";
			};
			name = Release;
		};
/* End XCBuildConfiguration section */

/* Begin XCConfigurationList section */
		CEF3278E2A54D22E00D4269E /* Build configuration list for PBXProject "MeuPrimeiroAppiOS" */ = {
			isa = XCConfigurationList;
			buildConfigurations = (
				CEF327A52A54D22F00D4269E /* Debug */,
				CEF327A62A54D22F00D4269E /* Release */,
			);
			defaultConfigurationIsVisible = 0;
			defaultConfigurationName = Release;
		};
		CEF327A72A54D22F00D4269E /* Build configuration list for PBXNativeTarget "MeuPrimeiroAppiOS" */ = {
			isa = XCConfigurationList;
			buildConfigurations = (
				CEF327A82A54D22F00D4269E /* Debug */,
				CEF327A92A54D22F00D4269E /* Release */,
			);
			defaultConfigurationIsVisible = 0;
			defaultConfigurationName = Release;
		};
/* End XCConfigurationList section */
	};
	rootObject = CEF3278B2A54D22E00D4269E /* Project object */;
}
